{
  "lockfileVersion": 1,
  "configVersion": 1,
  "workspaces": {
    "": {
      "name": "streamplace-plays-pokemon",
      "dependencies": {
        "@atcute/client": "^4.2.1",
        "@atcute/jetstream": "^1.1.2",
      },
      "devDependencies": {
        "@types/bun": "latest",
      },
      "peerDependencies": {
        "typescript": "^5",
      },
    },
  },
  "packages": {
    "@atcute/client": ["@atcute/client@4.2.1", "", { "dependencies": { "@atcute/identity": "^1.1.3", "@atcute/lexicons": "^1.2.6" } }, "sha512-ZBFM2pW075JtgGFu5g7HHZBecrClhlcNH8GVP9Zz1aViWR+cjjBsTpeE63rJs+FCOHFYlirUyo5L8SGZ4kMINw=="],

    "@atcute/identity": ["@atcute/identity@1.1.3", "", { "dependencies": { "@atcute/lexicons": "^1.2.4", "@badrap/valita": "^0.4.6" } }, "sha512-oIqPoI8TwWeQxvcLmFEZLdN2XdWcaLVtlm8pNk0E72As9HNzzD9pwKPrLr3rmTLRIoULPPFmq9iFNsTeCIU9ng=="],

    "@atcute/jetstream": ["@atcute/jetstream@1.1.2", "", { "dependencies": { "@atcute/lexicons": "^1.2.2", "@badrap/valita": "^0.4.6", "@mary-ext/event-iterator": "^1.0.0", "@mary-ext/simple-event-emitter": "^1.0.0", "partysocket": "^1.1.5", "type-fest": "^4.41.0", "yocto-queue": "^1.2.1" } }, "sha512-u6p/h2xppp7LE6W/9xErAJ6frfN60s8adZuCKtfAaaBBiiYbb1CfpzN8Uc+2qtJZNorqGvuuDb5572Jmh7yHBQ=="],

    "@atcute/lexicons": ["@atcute/lexicons@1.2.9", "", { "dependencies": { "@atcute/uint8array": "^1.1.1", "@atcute/util-text": "^1.1.1", "@standard-schema/spec": "^1.1.0", "esm-env": "^1.2.2" } }, "sha512-/RRHm2Cw9o8Mcsrq0eo8fjS9okKYLGfuFwrQ0YoP/6sdSDsXshaTLJsvLlcUcaDaSJ1YFOuHIo3zr2Om2F/16g=="],

    "@atcute/uint8array": ["@atcute/uint8array@1.1.1", "", {}, "sha512-3LsC8XB8TKe9q/5hOA5sFuzGaIFdJZJNewC5OKa3o/eU6+K7JR6see9Zy2JbQERNVnRl11EzbNov1efgLMAs4g=="],

    "@atcute/util-text": ["@atcute/util-text@1.1.1", "", { "dependencies": { "unicode-segmenter": "^0.14.5" } }, "sha512-JH0SxzUQJAmbOBTYyhxQbkkI6M33YpjlVLEcbP5GYt43xgFArzV0FJVmEpvIj0kjsmphHB45b6IitdvxPdec9w=="],

    "@badrap/valita": ["@badrap/valita@0.4.6", "", {}, "sha512-4kdqcjyxo/8RQ8ayjms47HCWZIF5981oE5nIenbfThKDxWXtEHKipAOWlflpPJzZx9y/JWYQkp18Awr7VuepFg=="],

    "@mary-ext/event-iterator": ["@mary-ext/event-iterator@1.0.0", "", { "dependencies": { "yocto-queue": "^1.2.1" } }, "sha512-l6gCPsWJ8aRCe/s7/oCmero70kDHgIK5m4uJvYgwEYTqVxoBOIXbKr5tnkLqUHEg6mNduB4IWvms3h70Hp9ADQ=="],

    "@mary-ext/simple-event-emitter": ["@mary-ext/simple-event-emitter@1.0.1", "", {}, "sha512-9+VvZisxZ/gSg+JJH7hmXaA8Qj42Qjz3O58RSB+INYc8iLA0icATZxHB9vKbj59ojDGZjO3hCKzMXocx3L0H8w=="],

    "@standard-schema/spec": ["@standard-schema/spec@1.1.0", "", {}, "sha512-l2aFy5jALhniG5HgqrD6jXLi/rUWrKvqN/qJx6yoJsgKhblVd+iqqU4RCXavm/jPityDo5TCvKMnpjKnOriy0w=="],

    "@types/bun": ["@types/bun@1.3.9", "", { "dependencies": { "bun-types": "1.3.9" } }, "sha512-KQ571yULOdWJiMH+RIWIOZ7B2RXQGpL1YQrBtLIV3FqDcCu6FsbFUBwhdKUlCKUpS3PJDsHlJ1QKlpxoVR+xtw=="],

    "@types/node": ["@types/node@25.3.0", "", { "dependencies": { "undici-types": "~7.18.0" } }, "sha512-4K3bqJpXpqfg2XKGK9bpDTc6xO/xoUP/RBWS7AtRMug6zZFaRekiLzjVtAoZMquxoAbzBvy5nxQ7veS5eYzf8A=="],

    "bun-types": ["bun-types@1.3.9", "", { "dependencies": { "@types/node": "*" } }, "sha512-+UBWWOakIP4Tswh0Bt0QD0alpTY8cb5hvgiYeWCMet9YukHbzuruIEeXC2D7nMJPB12kbh8C7XJykSexEqGKJg=="],

    "esm-env": ["esm-env@1.2.2", "", {}, "sha512-Epxrv+Nr/CaL4ZcFGPJIYLWFom+YeV1DqMLHJoEd9SYRxNbaFruBwfEX/kkHUJf55j2+TUbmDcmuilbP1TmXHA=="],

    "event-target-polyfill": ["event-target-polyfill@0.0.4", "", {}, "sha512-Gs6RLjzlLRdT8X9ZipJdIZI/Y6/HhRLyq9RdDlCsnpxr/+Nn6bU2EFGuC94GjxqhM+Nmij2Vcq98yoHrU8uNFQ=="],

    "partysocket": ["partysocket@1.1.16", "", { "dependencies": { "event-target-polyfill": "^0.0.4" }, "peerDependencies": { "react": ">=17" }, "optionalPeers": ["react"] }, "sha512-d7xFv+ZC7x0p/DAHWJ5FhxQhimIx+ucyZY+kxL0cKddLBmK9c4p2tEA/L+dOOrWm6EYrRwrBjKQV0uSzOY9x1w=="],

    "type-fest": ["type-fest@4.41.0", "", {}, "sha512-TeTSQ6H5YHvpqVwBRcnLDCBnDOHWYu7IvGbHT6N8AOymcr9PJGjc1GTtiWZTYg0NCgYwvnYWEkVChQAr9bjfwA=="],

    "typescript": ["typescript@5.9.3", "", { "bin": { "tsc": "bin/tsc", "tsserver": "bin/tsserver" } }, "sha512-jl1vZzPDinLr9eUt3J/t7V6FgNEw9QjvBPdysz9KfQDD41fQrC2Y4vKQdiaUpFT4bXlb1RHhLpp8wtm6M5TgSw=="],

    "undici-types": ["undici-types@7.18.2", "", {}, "sha512-AsuCzffGHJybSaRrmr5eHr81mwJU3kjw6M+uprWvCXiNeN9SOGwQ3Jn8jb8m3Z6izVgknn1R0FTCEAP2QrLY/w=="],

    "unicode-segmenter": ["unicode-segmenter@0.14.5", "", {}, "sha512-jHGmj2LUuqDcX3hqY12Ql+uhUTn8huuxNZGq7GvtF6bSybzH3aFgedYu/KTzQStEgt1Ra2F3HxadNXsNjb3m3g=="],

    "yocto-queue": ["yocto-queue@1.2.2", "", {}, "sha512-4LCcse/U2MHZ63HAJVE+v71o7yOdIe4cZ70Wpf8D/IyjDKYQLV5GD46B+hSTjJsvV5PztjvHoU580EftxjDZFQ=="],
  }
}
